
Microsoft Visual Studio Solution File, Format Version 12.00
# Visual Studio Version 17
VisualStudioVersion = 17.9.34728.123
MinimumVisualStudioVersion = 10.0.40219.1
Project("{8BC9CEB8-8B4A-11D0-8D11-00A0C91BC942}") = "연산자 함수", "연산자 함수\연산자 함수.vcxproj", "{50A781D7-EAD6-4F8A-B710-CE212C2D517B}"
EndProject
Project("{8BC9CEB8-8B4A-11D0-8D11-00A0C91BC942}") = "함수호출 연산자", "함수호출 연산자\함수호출 연산자.vcxproj", "{B2CDA2B8-AF7C-483E-917A-BCEEBE251780}"
EndProject
Project("{8BC9CEB8-8B4A-11D0-8D11-00A0C91BC942}") = "배열연산자", "배열연산자\배열연산자.vcxproj", "{D1B2CD24-441E-4949-9867-16975AA71BBB}"
EndProject
Project("{8BC9CEB8-8B4A-11D0-8D11-00A0C91BC942}") = "단항 증감 연산자", "단항 증감 연산자\단항 증감 연산자.vcxproj", "{8256B765-DD84-4095-81BB-FAA5F635DA12}"
EndProject
Global
	GlobalSection(SolutionConfigurationPlatforms) = preSolution
		Debug|x64 = Debug|x64
		Debug|x86 = Debug|x86
		Release|x64 = Release|x64
		Release|x86 = Release|x86
	EndGlobalSection
	GlobalSection(ProjectConfigurationPlatforms) = postSolution
		{50A781D7-EAD6-4F8A-B710-CE212C2D517B}.Debug|x64.ActiveCfg = Debug|x64
		{50A781D7-EAD6-4F8A-B710-CE212C2D517B}.Debug|x64.Build.0 = Debug|x64
		{50A781D7-EAD6-4F8A-B710-CE212C2D517B}.Debug|x86.ActiveCfg = Debug|Win32
		{50A781D7-EAD6-4F8A-B710-CE212C2D517B}.Debug|x86.Build.0 = Debug|Win32
		{50A781D7-EAD6-4F8A-B710-CE212C2D517B}.Release|x64.ActiveCfg = Release|x64
		{50A781D7-EAD6-4F8A-B710-CE212C2D517B}.Release|x64.Build.0 = Release|x64
		{50A781D7-EAD6-4F8A-B710-CE212C2D517B}.Release|x86.ActiveCfg = Release|Win32
		{50A781D7-EAD6-4F8A-B710-CE212C2D517B}.Release|x86.Build.0 = Release|Win32
		{B2CDA2B8-AF7C-483E-917A-BCEEBE251780}.Debug|x64.ActiveCfg = Debug|x64
		{B2CDA2B8-AF7C-483E-917A-BCEEBE251780}.Debug|x64.Build.0 = Debug|x64
		{B2CDA2B8-AF7C-483E-917A-BCEEBE251780}.Debug|x86.ActiveCfg = Debug|Win32
		{B2CDA2B8-AF7C-483E-917A-BCEEBE251780}.Debug|x86.Build.0 = Debug|Win32
		{B2CDA2B8-AF7C-483E-917A-BCEEBE251780}.Release|x64.ActiveCfg = Release|x64
		{B2CDA2B8-AF7C-483E-917A-BCEEBE251780}.Release|x64.Build.0 = Release|x64
		{B2CDA2B8-AF7C-483E-917A-BCEEBE251780}.Release|x86.ActiveCfg = Release|Win32
		{B2CDA2B8-AF7C-483E-917A-BCEEBE251780}.Release|x86.Build.0 = Release|Win32
		{D1B2CD24-441E-4949-9867-16975AA71BBB}.Debug|x64.ActiveCfg = Debug|x64
		{D1B2CD24-441E-4949-9867-16975AA71BBB}.Debug|x64.Build.0 = Debug|x64
		{D1B2CD24-441E-4949-9867-16975AA71BBB}.Debug|x86.ActiveCfg = Debug|Win32
		{D1B2CD24-441E-4949-9867-16975AA71BBB}.Debug|x86.Build.0 = Debug|Win32
		{D1B2CD24-441E-4949-9867-16975AA71BBB}.Release|x64.ActiveCfg = Release|x64
		{D1B2CD24-441E-4949-9867-16975AA71BBB}.Release|x64.Build.0 = Release|x64
		{D1B2CD24-441E-4949-9867-16975AA71BBB}.Release|x86.ActiveCfg = Release|Win32
		{D1B2CD24-441E-4949-9867-16975AA71BBB}.Release|x86.Build.0 = Release|Win32
		{8256B765-DD84-4095-81BB-FAA5F635DA12}.Debug|x64.ActiveCfg = Debug|x64
		{8256B765-DD84-4095-81BB-FAA5F635DA12}.Debug|x64.Build.0 = Debug|x64
		{8256B765-DD84-4095-81BB-FAA5F635DA12}.Debug|x86.ActiveCfg = Debug|Win32
		{8256B765-DD84-4095-81BB-FAA5F635DA12}.Debug|x86.Build.0 = Debug|Win32
		{8256B765-DD84-4095-81BB-FAA5F635DA12}.Release|x64.ActiveCfg = Release|x64
		{8256B765-DD84-4095-81BB-FAA5F635DA12}.Release|x64.Build.0 = Release|x64
		{8256B765-DD84-4095-81BB-FAA5F635DA12}.Release|x86.ActiveCfg = Release|Win32
		{8256B765-DD84-4095-81BB-FAA5F635DA12}.Release|x86.Build.0 = Release|Win32
	EndGlobalSection
	GlobalSection(SolutionProperties) = preSolution
		HideSolutionNode = FALSE
	EndGlobalSection
	GlobalSection(ExtensibilityGlobals) = postSolution
		SolutionGuid = {1D943715-C20D-4BF8-9467-D90B2CBDA1CB}
	EndGlobalSection
EndGlobal
