
Microsoft Visual Studio Solution File, Format Version 12.00
# Visual Studio Version 17
VisualStudioVersion = 17.9.34728.123
MinimumVisualStudioVersion = 10.0.40219.1
Project("{8BC9CEB8-8B4A-11D0-8D11-00A0C91BC942}") = "클래스 템플릿", "클래스 템플릿\클래스 템플릿.vcxproj", "{6FAE0597-BB06-4496-89A4-073B4D3ACFB2}"
EndProject
Project("{8BC9CEB8-8B4A-11D0-8D11-00A0C91BC942}") = "템플릿 특수화", "템플릿 특수화\템플릿 특수화.vcxproj", "{26D382F0-9404-4E42-AE5B-30A37BA29689}"
EndProject
Project("{8BC9CEB8-8B4A-11D0-8D11-00A0C91BC942}") = "템플릿 배열", "벡터 클래스\벡터 클래스.vcxproj", "{3FC02FA4-BD10-4158-A703-E45B1DB9E214}"
EndProject
Project("{8BC9CEB8-8B4A-11D0-8D11-00A0C91BC942}") = "템플릿 활용", "템플릿 활용\템플릿 활용.vcxproj", "{253D150F-1859-4F54-A591-D9B49383D7CB}"
EndProject
Project("{8BC9CEB8-8B4A-11D0-8D11-00A0C91BC942}") = "템플릿과 상속", "템플릿과 상속\템플릿과 상속.vcxproj", "{B1EFF5CD-9938-43A8-8371-4818A65A5218}"
EndProject
Project("{8BC9CEB8-8B4A-11D0-8D11-00A0C91BC942}") = "auto_ptr", "스마트포인터\스마트포인터.vcxproj", "{F0662207-DA39-4BF1-8C6A-673D1AF8CB4A}"
EndProject
Project("{8BC9CEB8-8B4A-11D0-8D11-00A0C91BC942}") = "shared_ptr", "shared_ptr\shared_ptr.vcxproj", "{A0625CE0-A28D-4BBD-9BE0-A088CE6D59FA}"
EndProject
Project("{8BC9CEB8-8B4A-11D0-8D11-00A0C91BC942}") = "unique_ptr", "unique_ptr\unique_ptr.vcxproj", "{23F6A279-7CA7-48BE-81B9-0B76B995B6F3}"
EndProject
Global
	GlobalSection(SolutionConfigurationPlatforms) = preSolution
		Debug|x64 = Debug|x64
		Debug|x86 = Debug|x86
		Release|x64 = Release|x64
		Release|x86 = Release|x86
	EndGlobalSection
	GlobalSection(ProjectConfigurationPlatforms) = postSolution
		{6FAE0597-BB06-4496-89A4-073B4D3ACFB2}.Debug|x64.ActiveCfg = Debug|x64
		{6FAE0597-BB06-4496-89A4-073B4D3ACFB2}.Debug|x64.Build.0 = Debug|x64
		{6FAE0597-BB06-4496-89A4-073B4D3ACFB2}.Debug|x86.ActiveCfg = Debug|Win32
		{6FAE0597-BB06-4496-89A4-073B4D3ACFB2}.Debug|x86.Build.0 = Debug|Win32
		{6FAE0597-BB06-4496-89A4-073B4D3ACFB2}.Release|x64.ActiveCfg = Release|x64
		{6FAE0597-BB06-4496-89A4-073B4D3ACFB2}.Release|x64.Build.0 = Release|x64
		{6FAE0597-BB06-4496-89A4-073B4D3ACFB2}.Release|x86.ActiveCfg = Release|Win32
		{6FAE0597-BB06-4496-89A4-073B4D3ACFB2}.Release|x86.Build.0 = Release|Win32
		{26D382F0-9404-4E42-AE5B-30A37BA29689}.Debug|x64.ActiveCfg = Debug|x64
		{26D382F0-9404-4E42-AE5B-30A37BA29689}.Debug|x64.Build.0 = Debug|x64
		{26D382F0-9404-4E42-AE5B-30A37BA29689}.Debug|x86.ActiveCfg = Debug|Win32
		{26D382F0-9404-4E42-AE5B-30A37BA29689}.Debug|x86.Build.0 = Debug|Win32
		{26D382F0-9404-4E42-AE5B-30A37BA29689}.Release|x64.ActiveCfg = Release|x64
		{26D382F0-9404-4E42-AE5B-30A37BA29689}.Release|x64.Build.0 = Release|x64
		{26D382F0-9404-4E42-AE5B-30A37BA29689}.Release|x86.ActiveCfg = Release|Win32
		{26D382F0-9404-4E42-AE5B-30A37BA29689}.Release|x86.Build.0 = Release|Win32
		{3FC02FA4-BD10-4158-A703-E45B1DB9E214}.Debug|x64.ActiveCfg = Debug|x64
		{3FC02FA4-BD10-4158-A703-E45B1DB9E214}.Debug|x64.Build.0 = Debug|x64
		{3FC02FA4-BD10-4158-A703-E45B1DB9E214}.Debug|x86.ActiveCfg = Debug|Win32
		{3FC02FA4-BD10-4158-A703-E45B1DB9E214}.Debug|x86.Build.0 = Debug|Win32
		{3FC02FA4-BD10-4158-A703-E45B1DB9E214}.Release|x64.ActiveCfg = Release|x64
		{3FC02FA4-BD10-4158-A703-E45B1DB9E214}.Release|x64.Build.0 = Release|x64
		{3FC02FA4-BD10-4158-A703-E45B1DB9E214}.Release|x86.ActiveCfg = Release|Win32
		{3FC02FA4-BD10-4158-A703-E45B1DB9E214}.Release|x86.Build.0 = Release|Win32
		{253D150F-1859-4F54-A591-D9B49383D7CB}.Debug|x64.ActiveCfg = Debug|x64
		{253D150F-1859-4F54-A591-D9B49383D7CB}.Debug|x64.Build.0 = Debug|x64
		{253D150F-1859-4F54-A591-D9B49383D7CB}.Debug|x86.ActiveCfg = Debug|Win32
		{253D150F-1859-4F54-A591-D9B49383D7CB}.Debug|x86.Build.0 = Debug|Win32
		{253D150F-1859-4F54-A591-D9B49383D7CB}.Release|x64.ActiveCfg = Release|x64
		{253D150F-1859-4F54-A591-D9B49383D7CB}.Release|x64.Build.0 = Release|x64
		{253D150F-1859-4F54-A591-D9B49383D7CB}.Release|x86.ActiveCfg = Release|Win32
		{253D150F-1859-4F54-A591-D9B49383D7CB}.Release|x86.Build.0 = Release|Win32
		{B1EFF5CD-9938-43A8-8371-4818A65A5218}.Debug|x64.ActiveCfg = Debug|x64
		{B1EFF5CD-9938-43A8-8371-4818A65A5218}.Debug|x64.Build.0 = Debug|x64
		{B1EFF5CD-9938-43A8-8371-4818A65A5218}.Debug|x86.ActiveCfg = Debug|Win32
		{B1EFF5CD-9938-43A8-8371-4818A65A5218}.Debug|x86.Build.0 = Debug|Win32
		{B1EFF5CD-9938-43A8-8371-4818A65A5218}.Release|x64.ActiveCfg = Release|x64
		{B1EFF5CD-9938-43A8-8371-4818A65A5218}.Release|x64.Build.0 = Release|x64
		{B1EFF5CD-9938-43A8-8371-4818A65A5218}.Release|x86.ActiveCfg = Release|Win32
		{B1EFF5CD-9938-43A8-8371-4818A65A5218}.Release|x86.Build.0 = Release|Win32
		{F0662207-DA39-4BF1-8C6A-673D1AF8CB4A}.Debug|x64.ActiveCfg = Debug|x64
		{F0662207-DA39-4BF1-8C6A-673D1AF8CB4A}.Debug|x64.Build.0 = Debug|x64
		{F0662207-DA39-4BF1-8C6A-673D1AF8CB4A}.Debug|x86.ActiveCfg = Debug|Win32
		{F0662207-DA39-4BF1-8C6A-673D1AF8CB4A}.Debug|x86.Build.0 = Debug|Win32
		{F0662207-DA39-4BF1-8C6A-673D1AF8CB4A}.Release|x64.ActiveCfg = Release|x64
		{F0662207-DA39-4BF1-8C6A-673D1AF8CB4A}.Release|x64.Build.0 = Release|x64
		{F0662207-DA39-4BF1-8C6A-673D1AF8CB4A}.Release|x86.ActiveCfg = Release|Win32
		{F0662207-DA39-4BF1-8C6A-673D1AF8CB4A}.Release|x86.Build.0 = Release|Win32
		{A0625CE0-A28D-4BBD-9BE0-A088CE6D59FA}.Debug|x64.ActiveCfg = Debug|x64
		{A0625CE0-A28D-4BBD-9BE0-A088CE6D59FA}.Debug|x64.Build.0 = Debug|x64
		{A0625CE0-A28D-4BBD-9BE0-A088CE6D59FA}.Debug|x86.ActiveCfg = Debug|Win32
		{A0625CE0-A28D-4BBD-9BE0-A088CE6D59FA}.Debug|x86.Build.0 = Debug|Win32
		{A0625CE0-A28D-4BBD-9BE0-A088CE6D59FA}.Release|x64.ActiveCfg = Release|x64
		{A0625CE0-A28D-4BBD-9BE0-A088CE6D59FA}.Release|x64.Build.0 = Release|x64
		{A0625CE0-A28D-4BBD-9BE0-A088CE6D59FA}.Release|x86.ActiveCfg = Release|Win32
		{A0625CE0-A28D-4BBD-9BE0-A088CE6D59FA}.Release|x86.Build.0 = Release|Win32
		{23F6A279-7CA7-48BE-81B9-0B76B995B6F3}.Debug|x64.ActiveCfg = Debug|x64
		{23F6A279-7CA7-48BE-81B9-0B76B995B6F3}.Debug|x64.Build.0 = Debug|x64
		{23F6A279-7CA7-48BE-81B9-0B76B995B6F3}.Debug|x86.ActiveCfg = Debug|Win32
		{23F6A279-7CA7-48BE-81B9-0B76B995B6F3}.Debug|x86.Build.0 = Debug|Win32
		{23F6A279-7CA7-48BE-81B9-0B76B995B6F3}.Release|x64.ActiveCfg = Release|x64
		{23F6A279-7CA7-48BE-81B9-0B76B995B6F3}.Release|x64.Build.0 = Release|x64
		{23F6A279-7CA7-48BE-81B9-0B76B995B6F3}.Release|x86.ActiveCfg = Release|Win32
		{23F6A279-7CA7-48BE-81B9-0B76B995B6F3}.Release|x86.Build.0 = Release|Win32
	EndGlobalSection
	GlobalSection(SolutionProperties) = preSolution
		HideSolutionNode = FALSE
	EndGlobalSection
	GlobalSection(ExtensibilityGlobals) = postSolution
		SolutionGuid = {18D6C41A-D657-4D21-9CC2-B81AF7F3BEFF}
	EndGlobalSection
EndGlobal
